{
  "name": "textvox3d-example",
  "version": "1.0.0",
  "lockfileVersion": 2,
  "requires": true,
  "packages": {
    "": {
      "name": "textvox3d-example",
      "version": "1.0.0",
      "license": "ISC",
      "dependencies": {
        "textvox3d": "^1.0.0-alpha"
      }
    },
    "node_modules/textvox3d": {
      "version": "1.0.0-alpha",
      "resolved": "https://registry.npmjs.org/textvox3d/-/textvox3d-1.0.0-alpha.tgz",
      "integrity": "sha512-h1/o+oubPZiqdyjF7foK8EZomPg2ejaIqBOzGV1FAFtQRoichKJlZeFxsSTrURhT94Ny43Qe8MA2L1nw9XO40g=="
    }
  },
  "dependencies": {
    "textvox3d": {
      "version": "1.0.0-alpha",
      "resolved": "https://registry.npmjs.org/textvox3d/-/textvox3d-1.0.0-alpha.tgz",
      "integrity": "sha512-h1/o+oubPZiqdyjF7foK8EZomPg2ejaIqBOzGV1FAFtQRoichKJlZeFxsSTrURhT94Ny43Qe8MA2L1nw9XO40g=="
    }
  }
}
