{
  "name": "renderer",
  "version": "1.0.0",
  "lockfileVersion": 2,
  "requires": true,
  "packages": {
    "": {
      "name": "renderer",
      "version": "1.0.0",
      "license": "ISC",
      "dependencies": {
        "text-renderer": "^1.0.3"
      }
    },
    "node_modules/text-renderer": {
      "version": "1.0.3",
      "resolved": "https://registry.npmjs.org/text-renderer/-/text-renderer-1.0.3.tgz",
      "integrity": "sha512-NzU2w8dpbqN7Fh6bzqq3SdZrFX6x6oibMVzKrpu5osaK04kr8SFI4zSwCspND1lL96NRgqg1AS6BBDQr+q+yqQ=="
    }
  },
  "dependencies": {
    "text-renderer": {
      "version": "1.0.3",
      "resolved": "https://registry.npmjs.org/text-renderer/-/text-renderer-1.0.3.tgz",
      "integrity": "sha512-NzU2w8dpbqN7Fh6bzqq3SdZrFX6x6oibMVzKrpu5osaK04kr8SFI4zSwCspND1lL96NRgqg1AS6BBDQr+q+yqQ=="
    }
  }
}
