{
  "name": "renderer",
  "version": "1.0.0",
  "lockfileVersion": 2,
  "requires": true,
  "packages": {
    "": {
      "name": "renderer",
      "version": "1.0.0",
      "license": "ISC",
      "dependencies": {
        "text-renderer": "^1.0.7"
      }
    },
    "node_modules/text-renderer": {
      "version": "1.0.7",
      "resolved": "https://registry.npmjs.org/text-renderer/-/text-renderer-1.0.7.tgz",
      "integrity": "sha512-4UdmlIiamzspKLfAdK/9wQzFrKS/MdcZ+LCznD7ZzBvlEPVOb+xQF4B3c7V90OybNuyPtxHHBt9pe5lMLX8xlA=="
    }
  },
  "dependencies": {
    "text-renderer": {
      "version": "1.0.7",
      "resolved": "https://registry.npmjs.org/text-renderer/-/text-renderer-1.0.7.tgz",
      "integrity": "sha512-4UdmlIiamzspKLfAdK/9wQzFrKS/MdcZ+LCznD7ZzBvlEPVOb+xQF4B3c7V90OybNuyPtxHHBt9pe5lMLX8xlA=="
    }
  }
}
