{
  "name": "renderer",
  "version": "1.0.0",
  "lockfileVersion": 2,
  "requires": true,
  "packages": {
    "": {
      "name": "renderer",
      "version": "1.0.0",
      "license": "ISC",
      "dependencies": {
        "text-renderer": "^1.0.4"
      }
    },
    "node_modules/text-renderer": {
      "version": "1.0.4",
      "resolved": "https://registry.npmjs.org/text-renderer/-/text-renderer-1.0.4.tgz",
      "integrity": "sha512-AIr6CNb8xzIoSCnViD0e68iOpbd1+BUoHu2+6SZyV2DGgYlO7OrzAw66EJu3UuZdvq7SXdQ/fniY7ypIHjoTww=="
    }
  },
  "dependencies": {
    "text-renderer": {
      "version": "1.0.4",
      "resolved": "https://registry.npmjs.org/text-renderer/-/text-renderer-1.0.4.tgz",
      "integrity": "sha512-AIr6CNb8xzIoSCnViD0e68iOpbd1+BUoHu2+6SZyV2DGgYlO7OrzAw66EJu3UuZdvq7SXdQ/fniY7ypIHjoTww=="
    }
  }
}
